
Microsoft Visual Studio Solution File, Format Version 12.00
# Visual Studio Version 17
VisualStudioVersion = 17.4.33213.308
MinimumVisualStudioVersion = 10.0.40219.1
Project("{FAE04EC0-301F-11D3-BF4B-00C04F79EFBC}") = "AC-Jobs-API", "AC-Jobs-API\AC-Jobs-API.csproj", "{5E4B2A4F-66E4-497C-A980-CB49B043943D}"
EndProject
Project("{FAE04EC0-301F-11D3-BF4B-00C04F79EFBC}") = "AC-Jobs-API-Domian-Layer", "AC-Jobs-API-Domian-Layer\AC-Jobs-API-Domian-Layer.csproj", "{C23FE865-C39E-4C58-A9CF-7B497EFA5ABC}"
EndProject
Project("{FAE04EC0-301F-11D3-BF4B-00C04F79EFBC}") = "AC-Jobs-API-Repository-Layer", "AC-Jobs-API-Repository-Layer\AC-Jobs-API-Repository-Layer.csproj", "{F9B8DCF1-A187-4BBB-BE76-311105EFB97E}"
EndProject
Project("{FAE04EC0-301F-11D3-BF4B-00C04F79EFBC}") = "AC-Jobs-API-Service-Layer", "AC-Jobs-API-Service-Layer\AC-Jobs-API-Service-Layer.csproj", "{723A9BA7-97FE-485E-81D5-94400E4C602F}"
EndProject
Global
	GlobalSection(SolutionConfigurationPlatforms) = preSolution
		Debug|Any CPU = Debug|Any CPU
		Release|Any CPU = Release|Any CPU
	EndGlobalSection
	GlobalSection(ProjectConfigurationPlatforms) = postSolution
		{5E4B2A4F-66E4-497C-A980-CB49B043943D}.Debug|Any CPU.ActiveCfg = Debug|Any CPU
		{5E4B2A4F-66E4-497C-A980-CB49B043943D}.Debug|Any CPU.Build.0 = Debug|Any CPU
		{5E4B2A4F-66E4-497C-A980-CB49B043943D}.Release|Any CPU.ActiveCfg = Release|Any CPU
		{5E4B2A4F-66E4-497C-A980-CB49B043943D}.Release|Any CPU.Build.0 = Release|Any CPU
		{C23FE865-C39E-4C58-A9CF-7B497EFA5ABC}.Debug|Any CPU.ActiveCfg = Debug|Any CPU
		{C23FE865-C39E-4C58-A9CF-7B497EFA5ABC}.Debug|Any CPU.Build.0 = Debug|Any CPU
		{C23FE865-C39E-4C58-A9CF-7B497EFA5ABC}.Release|Any CPU.ActiveCfg = Release|Any CPU
		{C23FE865-C39E-4C58-A9CF-7B497EFA5ABC}.Release|Any CPU.Build.0 = Release|Any CPU
		{F9B8DCF1-A187-4BBB-BE76-311105EFB97E}.Debug|Any CPU.ActiveCfg = Debug|Any CPU
		{F9B8DCF1-A187-4BBB-BE76-311105EFB97E}.Debug|Any CPU.Build.0 = Debug|Any CPU
		{F9B8DCF1-A187-4BBB-BE76-311105EFB97E}.Release|Any CPU.ActiveCfg = Release|Any CPU
		{F9B8DCF1-A187-4BBB-BE76-311105EFB97E}.Release|Any CPU.Build.0 = Release|Any CPU
		{723A9BA7-97FE-485E-81D5-94400E4C602F}.Debug|Any CPU.ActiveCfg = Debug|Any CPU
		{723A9BA7-97FE-485E-81D5-94400E4C602F}.Debug|Any CPU.Build.0 = Debug|Any CPU
		{723A9BA7-97FE-485E-81D5-94400E4C602F}.Release|Any CPU.ActiveCfg = Release|Any CPU
		{723A9BA7-97FE-485E-81D5-94400E4C602F}.Release|Any CPU.Build.0 = Release|Any CPU
	EndGlobalSection
	GlobalSection(SolutionProperties) = preSolution
		HideSolutionNode = FALSE
	EndGlobalSection
	GlobalSection(ExtensibilityGlobals) = postSolution
		SolutionGuid = {5DDE6E1B-1912-4A98-97B2-E30B55EBAA3A}
	EndGlobalSection
EndGlobal
